github.com/lucasmenendez/apihandler v0.0.7 h1:OItUaGN5J+KrYFLZnQUNHXnOBP6HZyvlobyk1Jd7JkI=
github.com/lucasmenendez/apihandler v0.0.7/go.mod h1:gDwdzFu8GquIz0UkrA+UMjaYUQGtfDymm6i4iKEcM44=
golang.org/x/time v0.10.0 h1:3usCWA8tQn0L8+hFJQNgzpWbd89begxN66o1Ojdn5L4=
golang.org/x/time v0.10.0/go.mod h1:3BpzKBy/shNhVucY/MWOyx10tF3SFh9QdLuxbVysPQM=
